
Microsoft Visual Studio Solution File, Format Version 12.00
# Visual Studio 2013
VisualStudioVersion = 12.0.40629.0
MinimumVisualStudioVersion = 10.0.40219.1
Project("{FAE04EC0-301F-11D3-BF4B-00C04F79EFBC}") = "Sales.Model", "Sales.Model\Sales.Model.csproj", "{278E2B02-00C3-4562-8598-6062EC5D2118}"
EndProject
Project("{FAE04EC0-301F-11D3-BF4B-00C04F79EFBC}") = "Sales.DAL", "Sales.DAL\Sales.DAL.csproj", "{872CF4D3-3FC9-4972-85AA-1C309DDA4124}"
EndProject
Project("{FAE04EC0-301F-11D3-BF4B-00C04F79EFBC}") = "Sales.BL", "Sales.BL\Sales.BL.csproj", "{D2AA0FE7-1EB9-4937-A73D-202418A89F80}"
EndProject
Project("{FAE04EC0-301F-11D3-BF4B-00C04F79EFBC}") = "Sales.MVCClient", "Sales.MVCClient\Sales.MVCClient.csproj", "{8485831B-346F-4076-BCCB-49F100F92D2B}"
EndProject
Global
	GlobalSection(SolutionConfigurationPlatforms) = preSolution
		Debug|Any CPU = Debug|Any CPU
		Release|Any CPU = Release|Any CPU
	EndGlobalSection
	GlobalSection(ProjectConfigurationPlatforms) = postSolution
		{278E2B02-00C3-4562-8598-6062EC5D2118}.Debug|Any CPU.ActiveCfg = Debug|Any CPU
		{278E2B02-00C3-4562-8598-6062EC5D2118}.Debug|Any CPU.Build.0 = Debug|Any CPU
		{278E2B02-00C3-4562-8598-6062EC5D2118}.Release|Any CPU.ActiveCfg = Release|Any CPU
		{278E2B02-00C3-4562-8598-6062EC5D2118}.Release|Any CPU.Build.0 = Release|Any CPU
		{872CF4D3-3FC9-4972-85AA-1C309DDA4124}.Debug|Any CPU.ActiveCfg = Debug|Any CPU
		{872CF4D3-3FC9-4972-85AA-1C309DDA4124}.Debug|Any CPU.Build.0 = Debug|Any CPU
		{872CF4D3-3FC9-4972-85AA-1C309DDA4124}.Release|Any CPU.ActiveCfg = Release|Any CPU
		{872CF4D3-3FC9-4972-85AA-1C309DDA4124}.Release|Any CPU.Build.0 = Release|Any CPU
		{D2AA0FE7-1EB9-4937-A73D-202418A89F80}.Debug|Any CPU.ActiveCfg = Debug|Any CPU
		{D2AA0FE7-1EB9-4937-A73D-202418A89F80}.Debug|Any CPU.Build.0 = Debug|Any CPU
		{D2AA0FE7-1EB9-4937-A73D-202418A89F80}.Release|Any CPU.ActiveCfg = Release|Any CPU
		{D2AA0FE7-1EB9-4937-A73D-202418A89F80}.Release|Any CPU.Build.0 = Release|Any CPU
		{8485831B-346F-4076-BCCB-49F100F92D2B}.Debug|Any CPU.ActiveCfg = Debug|Any CPU
		{8485831B-346F-4076-BCCB-49F100F92D2B}.Debug|Any CPU.Build.0 = Debug|Any CPU
		{8485831B-346F-4076-BCCB-49F100F92D2B}.Release|Any CPU.ActiveCfg = Release|Any CPU
		{8485831B-346F-4076-BCCB-49F100F92D2B}.Release|Any CPU.Build.0 = Release|Any CPU
	EndGlobalSection
	GlobalSection(SolutionProperties) = preSolution
		HideSolutionNode = FALSE
	EndGlobalSection
EndGlobal
