
Microsoft Visual Studio Solution File, Format Version 12.00
# Visual Studio 2013
VisualStudioVersion = 12.0.40629.0
MinimumVisualStudioVersion = 10.0.40219.1
Project("{FAE04EC0-301F-11D3-BF4B-00C04F79EFBC}") = "Sales.DAL", "Sales.DAL\Sales.DAL.csproj", "{3210CB26-B529-4C33-8D9A-58F3BB8820C5}"
EndProject
Project("{FAE04EC0-301F-11D3-BF4B-00C04F79EFBC}") = "Sales.ConsoleClient", "Sales.ConsoleClient\Sales.ConsoleClient.csproj", "{89FB15C3-2EE6-4471-A7DA-A4C289240F70}"
EndProject
Project("{FAE04EC0-301F-11D3-BF4B-00C04F79EFBC}") = "Sales.DataAccess", "Sales.DataAccess\Sales.DataAccess.csproj", "{6B93D5C3-4672-411A-A141-C0FE1F9643A9}"
EndProject
Project("{FAE04EC0-301F-11D3-BF4B-00C04F79EFBC}") = "Sales.BL", "Sales.BL\Sales.BL.csproj", "{B7BD5612-C755-447A-8C6B-A1E9751797C5}"
EndProject
Project("{FAE04EC0-301F-11D3-BF4B-00C04F79EFBC}") = "Sales.ServiceClient", "Sales.ServiceClient\Sales.ServiceClient.csproj", "{836A2B69-579F-4CD4-9D0A-17BA8BF2C4DF}"
EndProject
Global
	GlobalSection(SolutionConfigurationPlatforms) = preSolution
		Debug|Any CPU = Debug|Any CPU
		Release|Any CPU = Release|Any CPU
	EndGlobalSection
	GlobalSection(ProjectConfigurationPlatforms) = postSolution
		{3210CB26-B529-4C33-8D9A-58F3BB8820C5}.Debug|Any CPU.ActiveCfg = Debug|Any CPU
		{3210CB26-B529-4C33-8D9A-58F3BB8820C5}.Debug|Any CPU.Build.0 = Debug|Any CPU
		{3210CB26-B529-4C33-8D9A-58F3BB8820C5}.Release|Any CPU.ActiveCfg = Release|Any CPU
		{3210CB26-B529-4C33-8D9A-58F3BB8820C5}.Release|Any CPU.Build.0 = Release|Any CPU
		{89FB15C3-2EE6-4471-A7DA-A4C289240F70}.Debug|Any CPU.ActiveCfg = Debug|Any CPU
		{89FB15C3-2EE6-4471-A7DA-A4C289240F70}.Debug|Any CPU.Build.0 = Debug|Any CPU
		{89FB15C3-2EE6-4471-A7DA-A4C289240F70}.Release|Any CPU.ActiveCfg = Release|Any CPU
		{89FB15C3-2EE6-4471-A7DA-A4C289240F70}.Release|Any CPU.Build.0 = Release|Any CPU
		{6B93D5C3-4672-411A-A141-C0FE1F9643A9}.Debug|Any CPU.ActiveCfg = Debug|Any CPU
		{6B93D5C3-4672-411A-A141-C0FE1F9643A9}.Debug|Any CPU.Build.0 = Debug|Any CPU
		{6B93D5C3-4672-411A-A141-C0FE1F9643A9}.Release|Any CPU.ActiveCfg = Release|Any CPU
		{6B93D5C3-4672-411A-A141-C0FE1F9643A9}.Release|Any CPU.Build.0 = Release|Any CPU
		{B7BD5612-C755-447A-8C6B-A1E9751797C5}.Debug|Any CPU.ActiveCfg = Debug|Any CPU
		{B7BD5612-C755-447A-8C6B-A1E9751797C5}.Debug|Any CPU.Build.0 = Debug|Any CPU
		{B7BD5612-C755-447A-8C6B-A1E9751797C5}.Release|Any CPU.ActiveCfg = Release|Any CPU
		{B7BD5612-C755-447A-8C6B-A1E9751797C5}.Release|Any CPU.Build.0 = Release|Any CPU
		{836A2B69-579F-4CD4-9D0A-17BA8BF2C4DF}.Debug|Any CPU.ActiveCfg = Debug|Any CPU
		{836A2B69-579F-4CD4-9D0A-17BA8BF2C4DF}.Debug|Any CPU.Build.0 = Debug|Any CPU
		{836A2B69-579F-4CD4-9D0A-17BA8BF2C4DF}.Release|Any CPU.ActiveCfg = Release|Any CPU
		{836A2B69-579F-4CD4-9D0A-17BA8BF2C4DF}.Release|Any CPU.Build.0 = Release|Any CPU
	EndGlobalSection
	GlobalSection(SolutionProperties) = preSolution
		HideSolutionNode = FALSE
	EndGlobalSection
EndGlobal
