
Microsoft Visual Studio Solution File, Format Version 12.00
# Visual Studio 2013
VisualStudioVersion = 12.0.40629.0
MinimumVisualStudioVersion = 10.0.40219.1
Project("{FAE04EC0-301F-11D3-BF4B-00C04F79EFBC}") = "Sales.Dal", "SalesDal\Sales.Dal.csproj", "{E1D5B89E-19E9-4BDC-962C-CB25C4C91F1D}"
EndProject
Project("{FAE04EC0-301F-11D3-BF4B-00C04F79EFBC}") = "Sales.DataAccess", "Sales.DataAccess\Sales.DataAccess.csproj", "{BA47E82B-A9E0-4202-B1C1-8B2A5C2745C4}"
EndProject
Project("{FAE04EC0-301F-11D3-BF4B-00C04F79EFBC}") = "Sales.BL", "Sales.BL\Sales.BL.csproj", "{F3801783-1A6E-4F97-BF62-730F02312749}"
EndProject
Project("{FAE04EC0-301F-11D3-BF4B-00C04F79EFBC}") = "Sales.ConsoleClient", "Sales.ConsoleClient\Sales.ConsoleClient.csproj", "{D04A7BF9-CA98-4AC0-BCA2-A2B08D443378}"
EndProject
Global
	GlobalSection(SolutionConfigurationPlatforms) = preSolution
		Debug|Any CPU = Debug|Any CPU
		Release|Any CPU = Release|Any CPU
	EndGlobalSection
	GlobalSection(ProjectConfigurationPlatforms) = postSolution
		{E1D5B89E-19E9-4BDC-962C-CB25C4C91F1D}.Debug|Any CPU.ActiveCfg = Debug|Any CPU
		{E1D5B89E-19E9-4BDC-962C-CB25C4C91F1D}.Debug|Any CPU.Build.0 = Debug|Any CPU
		{E1D5B89E-19E9-4BDC-962C-CB25C4C91F1D}.Release|Any CPU.ActiveCfg = Release|Any CPU
		{E1D5B89E-19E9-4BDC-962C-CB25C4C91F1D}.Release|Any CPU.Build.0 = Release|Any CPU
		{BA47E82B-A9E0-4202-B1C1-8B2A5C2745C4}.Debug|Any CPU.ActiveCfg = Debug|Any CPU
		{BA47E82B-A9E0-4202-B1C1-8B2A5C2745C4}.Debug|Any CPU.Build.0 = Debug|Any CPU
		{BA47E82B-A9E0-4202-B1C1-8B2A5C2745C4}.Release|Any CPU.ActiveCfg = Release|Any CPU
		{BA47E82B-A9E0-4202-B1C1-8B2A5C2745C4}.Release|Any CPU.Build.0 = Release|Any CPU
		{F3801783-1A6E-4F97-BF62-730F02312749}.Debug|Any CPU.ActiveCfg = Debug|Any CPU
		{F3801783-1A6E-4F97-BF62-730F02312749}.Debug|Any CPU.Build.0 = Debug|Any CPU
		{F3801783-1A6E-4F97-BF62-730F02312749}.Release|Any CPU.ActiveCfg = Release|Any CPU
		{F3801783-1A6E-4F97-BF62-730F02312749}.Release|Any CPU.Build.0 = Release|Any CPU
		{D04A7BF9-CA98-4AC0-BCA2-A2B08D443378}.Debug|Any CPU.ActiveCfg = Debug|Any CPU
		{D04A7BF9-CA98-4AC0-BCA2-A2B08D443378}.Debug|Any CPU.Build.0 = Debug|Any CPU
		{D04A7BF9-CA98-4AC0-BCA2-A2B08D443378}.Release|Any CPU.ActiveCfg = Release|Any CPU
		{D04A7BF9-CA98-4AC0-BCA2-A2B08D443378}.Release|Any CPU.Build.0 = Release|Any CPU
	EndGlobalSection
	GlobalSection(SolutionProperties) = preSolution
		HideSolutionNode = FALSE
	EndGlobalSection
EndGlobal
