
Microsoft Visual Studio Solution File, Format Version 12.00
# Visual Studio 2013
VisualStudioVersion = 12.0.21005.1
MinimumVisualStudioVersion = 10.0.40219.1
Project("{FAE04EC0-301F-11D3-BF4B-00C04F79EFBC}") = "Demo", "Demo\Demo.csproj", "{0D73477A-F0D4-4E36-964C-B9D26F4B3815}"
EndProject
Project("{FAE04EC0-301F-11D3-BF4B-00C04F79EFBC}") = "BillingSystem", "BillingSystem\BillingSystem.csproj", "{20E52BA1-600B-46E2-B866-CFFE3B8FC325}"
EndProject
Project("{FAE04EC0-301F-11D3-BF4B-00C04F79EFBC}") = "TelephoneExchange", "TelephoneExchange\TelephoneExchange.csproj", "{CBC25B44-DECF-4899-A8AD-0E5A19C24CC2}"
EndProject
Global
	GlobalSection(SolutionConfigurationPlatforms) = preSolution
		Debug|Any CPU = Debug|Any CPU
		Release|Any CPU = Release|Any CPU
	EndGlobalSection
	GlobalSection(ProjectConfigurationPlatforms) = postSolution
		{0D73477A-F0D4-4E36-964C-B9D26F4B3815}.Debug|Any CPU.ActiveCfg = Debug|Any CPU
		{0D73477A-F0D4-4E36-964C-B9D26F4B3815}.Debug|Any CPU.Build.0 = Debug|Any CPU
		{0D73477A-F0D4-4E36-964C-B9D26F4B3815}.Release|Any CPU.ActiveCfg = Release|Any CPU
		{0D73477A-F0D4-4E36-964C-B9D26F4B3815}.Release|Any CPU.Build.0 = Release|Any CPU
		{20E52BA1-600B-46E2-B866-CFFE3B8FC325}.Debug|Any CPU.ActiveCfg = Debug|Any CPU
		{20E52BA1-600B-46E2-B866-CFFE3B8FC325}.Debug|Any CPU.Build.0 = Debug|Any CPU
		{20E52BA1-600B-46E2-B866-CFFE3B8FC325}.Release|Any CPU.ActiveCfg = Release|Any CPU
		{20E52BA1-600B-46E2-B866-CFFE3B8FC325}.Release|Any CPU.Build.0 = Release|Any CPU
		{CBC25B44-DECF-4899-A8AD-0E5A19C24CC2}.Debug|Any CPU.ActiveCfg = Debug|Any CPU
		{CBC25B44-DECF-4899-A8AD-0E5A19C24CC2}.Debug|Any CPU.Build.0 = Debug|Any CPU
		{CBC25B44-DECF-4899-A8AD-0E5A19C24CC2}.Release|Any CPU.ActiveCfg = Release|Any CPU
		{CBC25B44-DECF-4899-A8AD-0E5A19C24CC2}.Release|Any CPU.Build.0 = Release|Any CPU
	EndGlobalSection
	GlobalSection(SolutionProperties) = preSolution
		HideSolutionNode = FALSE
	EndGlobalSection
EndGlobal
